// !$*UTF8*$!
{
	archiveVersion = 1;
	classes = {
	};
	objectVersion = 50;
	objects = {

/* Begin PBXBuildFile section */
		5E1AAA5D20EE9BCB00098F1D /* FriendlyPredictor+macos.swift in Sources */ = {isa = PBXBuildFile; fileRef = 5E1AAA5C20EE9BCA00098F1D /* FriendlyPredictor+macos.swift */; };
		5E1AAA5E20EE9BD400098F1D /* FriendlyPredictor+ios.swift in Sources */ = {isa = PBXBuildFile; fileRef = 5E1AAA5A20EE9B8800098F1D /* FriendlyPredictor+ios.swift */; };
		5E1AAA5F20EE9C9100098F1D /* FriendlyPredictor.swift in Sources */ = {isa = PBXBuildFile; fileRef = 5E67667C20E72E9B002A4E0D /* FriendlyPredictor.swift */; };
		5E1AAA6020EE9D7E00098F1D /* MultiArray.swift in Sources */ = {isa = PBXBuildFile; fileRef = 5E67668B20E73C8F002A4E0D /* MultiArray.swift */; };
		5E1AAA6220EEA05300098F1D /* NSImage+resize.swift in Sources */ = {isa = PBXBuildFile; fileRef = 5E1AAA6120EEA05300098F1D /* NSImage+resize.swift */; };
		5E3F317320ED4140008B5C1B /* Duration.swift in Sources */ = {isa = PBXBuildFile; fileRef = 5E67669920E9A549002A4E0D /* Duration.swift */; };
		5E3F317420ED41A3008B5C1B /* Math.swift in Sources */ = {isa = PBXBuildFile; fileRef = 5E67668720E73C8F002A4E0D /* Math.swift */; };
		5E3F317620ED41A3008B5C1B /* Array.swift in Sources */ = {isa = PBXBuildFile; fileRef = 5E67668920E73C8F002A4E0D /* Array.swift */; };
		5E3F317720ED41A3008B5C1B /* Predictions.swift in Sources */ = {isa = PBXBuildFile; fileRef = 5E67668A20E73C8F002A4E0D /* Predictions.swift */; };
		5E3F317920ED41A3008B5C1B /* CVPixelBuffer+Helpers.swift in Sources */ = {isa = PBXBuildFile; fileRef = 5E67668C20E73C8F002A4E0D /* CVPixelBuffer+Helpers.swift */; };
		5E3F317A20ED41A3008B5C1B /* NonMaxSuppression.swift in Sources */ = {isa = PBXBuildFile; fileRef = 5E67668D20E73C8F002A4E0D /* NonMaxSuppression.swift */; };
		5E4DFE6F20F0122700CD07FF /* Promises.framework in Frameworks */ = {isa = PBXBuildFile; fileRef = 5E4DFE6E20F0122700CD07FF /* Promises.framework */; };
		5E4DFE7120F0123C00CD07FF /* Promises.framework in Frameworks */ = {isa = PBXBuildFile; fileRef = 5E4DFE7020F0123C00CD07FF /* Promises.framework */; };
		5E4DFE7320F0154300CD07FF /* MultiArray+NSImage.swift in Sources */ = {isa = PBXBuildFile; fileRef = 5E4DFE7220F0154300CD07FF /* MultiArray+NSImage.swift */; };
		5E67667D20E72E9B002A4E0D /* FriendlyPredictor.swift in Sources */ = {isa = PBXBuildFile; fileRef = 5E67667C20E72E9B002A4E0D /* FriendlyPredictor.swift */; };
		5E67668F20E73C8F002A4E0D /* Math.swift in Sources */ = {isa = PBXBuildFile; fileRef = 5E67668720E73C8F002A4E0D /* Math.swift */; };
		5E67669020E73C8F002A4E0D /* UIImage+CVPixelBuffer.swift in Sources */ = {isa = PBXBuildFile; fileRef = 5E67668820E73C8F002A4E0D /* UIImage+CVPixelBuffer.swift */; };
		5E67669120E73C8F002A4E0D /* Array.swift in Sources */ = {isa = PBXBuildFile; fileRef = 5E67668920E73C8F002A4E0D /* Array.swift */; };
		5E67669220E73C8F002A4E0D /* Predictions.swift in Sources */ = {isa = PBXBuildFile; fileRef = 5E67668A20E73C8F002A4E0D /* Predictions.swift */; };
		5E67669320E73C8F002A4E0D /* MultiArray.swift in Sources */ = {isa = PBXBuildFile; fileRef = 5E67668B20E73C8F002A4E0D /* MultiArray.swift */; };
		5E67669420E73C8F002A4E0D /* CVPixelBuffer+Helpers.swift in Sources */ = {isa = PBXBuildFile; fileRef = 5E67668C20E73C8F002A4E0D /* CVPixelBuffer+Helpers.swift */; };
		5E67669520E73C8F002A4E0D /* NonMaxSuppression.swift in Sources */ = {isa = PBXBuildFile; fileRef = 5E67668D20E73C8F002A4E0D /* NonMaxSuppression.swift */; };
		5E67669620E73C8F002A4E0D /* MLMultiArray+UIImage.swift in Sources */ = {isa = PBXBuildFile; fileRef = 5E67668E20E73C8F002A4E0D /* MLMultiArray+UIImage.swift */; };
		5E67669820E9A420002A4E0D /* UIImage+resize.swift in Sources */ = {isa = PBXBuildFile; fileRef = 5E67669720E9A41F002A4E0D /* UIImage+resize.swift */; };
		5E67669A20E9A549002A4E0D /* Duration.swift in Sources */ = {isa = PBXBuildFile; fileRef = 5E67669920E9A549002A4E0D /* Duration.swift */; };
		5EA217DB20E40CEA0061F7FF /* AppDelegate.swift in Sources */ = {isa = PBXBuildFile; fileRef = 5EA217DA20E40CEA0061F7FF /* AppDelegate.swift */; };
		5EA217E420E40CEA0061F7FF /* Main.storyboard in Resources */ = {isa = PBXBuildFile; fileRef = 5EA217E220E40CEA0061F7FF /* Main.storyboard */; };
		5EA217E620E40CEC0061F7FF /* Assets.xcassets in Resources */ = {isa = PBXBuildFile; fileRef = 5EA217E520E40CEC0061F7FF /* Assets.xcassets */; };
		5EA217E920E40CEC0061F7FF /* LaunchScreen.storyboard in Resources */ = {isa = PBXBuildFile; fileRef = 5EA217E720E40CEC0061F7FF /* LaunchScreen.storyboard */; };
		5EA217F420E40CEC0061F7FF /* CrowdCountTests.swift in Sources */ = {isa = PBXBuildFile; fileRef = 5EA217F320E40CEC0061F7FF /* CrowdCountTests.swift */; };
		5EA217FF20E40CED0061F7FF /* CrowdCountUITests.swift in Sources */ = {isa = PBXBuildFile; fileRef = 5EA217FE20E40CED0061F7FF /* CrowdCountUITests.swift */; };
		5EA2191220E41D390061F7FF /* CrowdCountApi.framework in Frameworks */ = {isa = PBXBuildFile; fileRef = 5EA2190920E41D380061F7FF /* CrowdCountApi.framework */; };
		5EA2191920E41D390061F7FF /* CrowdCountApiTests.swift in Sources */ = {isa = PBXBuildFile; fileRef = 5EA2191820E41D390061F7FF /* CrowdCountApiTests.swift */; };
		5EA2191B20E41D390061F7FF /* CrowdCountApi.h in Headers */ = {isa = PBXBuildFile; fileRef = 5EA2190B20E41D380061F7FF /* CrowdCountApi.h */; settings = {ATTRIBUTES = (Public, ); }; };
		5EA2191E20E41D390061F7FF /* CrowdCountApi.framework in Frameworks */ = {isa = PBXBuildFile; fileRef = 5EA2190920E41D380061F7FF /* CrowdCountApi.framework */; };
		5EB6BB0B20F152CD00114EDA /* YOLO.swift in Sources */ = {isa = PBXBuildFile; fileRef = 5EB6BB0A20F152CD00114EDA /* YOLO.swift */; };
		5EB6BB0C20F152CD00114EDA /* YOLO.swift in Sources */ = {isa = PBXBuildFile; fileRef = 5EB6BB0A20F152CD00114EDA /* YOLO.swift */; };
		5EB6BB0E20F1533A00114EDA /* BoundingBox.swift in Sources */ = {isa = PBXBuildFile; fileRef = 5EB6BB0D20F1533A00114EDA /* BoundingBox.swift */; };
		5EB6BB1120F154B900114EDA /* Helpers.swift in Sources */ = {isa = PBXBuildFile; fileRef = 5EB6BB1020F154B900114EDA /* Helpers.swift */; };
		5EB6BB1220F154B900114EDA /* Helpers.swift in Sources */ = {isa = PBXBuildFile; fileRef = 5EB6BB1020F154B900114EDA /* Helpers.swift */; };
		5EB6BB1920F1579F00114EDA /* CrowdClassifier.mlmodel in Sources */ = {isa = PBXBuildFile; fileRef = 5EB6BB1520F1579E00114EDA /* CrowdClassifier.mlmodel */; };
		5EB6BB1A20F1579F00114EDA /* CrowdClassifier.mlmodel in Sources */ = {isa = PBXBuildFile; fileRef = 5EB6BB1520F1579E00114EDA /* CrowdClassifier.mlmodel */; };
		5EB6BB1B20F1579F00114EDA /* TensPredictor.mlmodel in Sources */ = {isa = PBXBuildFile; fileRef = 5EB6BB1620F1579E00114EDA /* TensPredictor.mlmodel */; };
		5EB6BB1C20F1579F00114EDA /* TensPredictor.mlmodel in Sources */ = {isa = PBXBuildFile; fileRef = 5EB6BB1620F1579E00114EDA /* TensPredictor.mlmodel */; };
		5EB6BB1D20F1579F00114EDA /* HundredsPredictor.mlmodel in Sources */ = {isa = PBXBuildFile; fileRef = 5EB6BB1720F1579E00114EDA /* HundredsPredictor.mlmodel */; };
		5EB6BB1E20F1579F00114EDA /* HundredsPredictor.mlmodel in Sources */ = {isa = PBXBuildFile; fileRef = 5EB6BB1720F1579E00114EDA /* HundredsPredictor.mlmodel */; };
		5EB6BB1F20F1579F00114EDA /* TinyYOLO.mlmodel in Sources */ = {isa = PBXBuildFile; fileRef = 5EB6BB1820F1579E00114EDA /* TinyYOLO.mlmodel */; };
		5EB6BB2020F1579F00114EDA /* TinyYOLO.mlmodel in Sources */ = {isa = PBXBuildFile; fileRef = 5EB6BB1820F1579E00114EDA /* TinyYOLO.mlmodel */; };
		5EB7F3FC20EFC60F00CBE024 /* PredictionStrategy.swift in Sources */ = {isa = PBXBuildFile; fileRef = 5EB7F3FB20EFC60F00CBE024 /* PredictionStrategy.swift */; };
		5EB7F3FD20EFC60F00CBE024 /* PredictionStrategy.swift in Sources */ = {isa = PBXBuildFile; fileRef = 5EB7F3FB20EFC60F00CBE024 /* PredictionStrategy.swift */; };
		5ED4789C20EEA5250000B09D /* MultiArray+UIImage.swift in Sources */ = {isa = PBXBuildFile; fileRef = 5ED4789B20EEA5250000B09D /* MultiArray+UIImage.swift */; };
		5EE985C920FA6D9C0047FC4F /* SwipeViewController.swift in Sources */ = {isa = PBXBuildFile; fileRef = 5EE985C820FA6D9C0047FC4F /* SwipeViewController.swift */; };
		5EE985CB20FA84110047FC4F /* CrowdCountApi.framework in Embed Frameworks */ = {isa = PBXBuildFile; fileRef = 5EA2190920E41D380061F7FF /* CrowdCountApi.framework */; settings = {ATTRIBUTES = (CodeSignOnCopy, RemoveHeadersOnCopy, ); }; };
		5EE985D420FA851F0047FC4F /* Promises.framework in Frameworks */ = {isa = PBXBuildFile; fileRef = 5E5C796E20EFF40200EDC113 /* Promises.framework */; };
		5EE985D520FA85500047FC4F /* FBLPromises.framework in Frameworks */ = {isa = PBXBuildFile; fileRef = 5E5C797020EFF4C700EDC113 /* FBLPromises.framework */; };
		5EE985D820FA8A5D0047FC4F /* CameraViewController.swift in Sources */ = {isa = PBXBuildFile; fileRef = 5EE985D720FA8A5D0047FC4F /* CameraViewController.swift */; };
		5EE985D920FA8B420047FC4F /* CrowdClassifier.mlmodel in Sources */ = {isa = PBXBuildFile; fileRef = 5EB6BB1520F1579E00114EDA /* CrowdClassifier.mlmodel */; };
		5EF94FE520F1B888002E01CC /* FaceDetector.swift in Sources */ = {isa = PBXBuildFile; fileRef = 5EF94FE420F1B888002E01CC /* FaceDetector.swift */; };
		5EF94FE620F1B888002E01CC /* FaceDetector.swift in Sources */ = {isa = PBXBuildFile; fileRef = 5EF94FE420F1B888002E01CC /* FaceDetector.swift */; };
		5EFFC4DC20FDFC4A00E75C38 /* CameraFrameExtractor.swift in Sources */ = {isa = PBXBuildFile; fileRef = 5EFFC4DB20FDFC4A00E75C38 /* CameraFrameExtractor.swift */; };
		5EFFC4DE20FE004D00E75C38 /* FrameExtractorDelegate.swift in Sources */ = {isa = PBXBuildFile; fileRef = 5EFFC4DD20FE004D00E75C38 /* FrameExtractorDelegate.swift */; };
/* End PBXBuildFile section */

/* Begin PBXContainerItemProxy section */
		5EA217F020E40CEC0061F7FF /* PBXContainerItemProxy */ = {
			isa = PBXContainerItemProxy;
			containerPortal = 5EA217CF20E40CEA0061F7FF /* Project object */;
			proxyType = 1;
			remoteGlobalIDString = 5EA217D620E40CEA0061F7FF;
			remoteInfo = CrowdCount;
		};
		5EA217FB20E40CED0061F7FF /* PBXContainerItemProxy */ = {
			isa = PBXContainerItemProxy;
			containerPortal = 5EA217CF20E40CEA0061F7FF /* Project object */;
			proxyType = 1;
			remoteGlobalIDString = 5EA217D620E40CEA0061F7FF;
			remoteInfo = CrowdCount;
		};
		5EA2191320E41D390061F7FF /* PBXContainerItemProxy */ = {
			isa = PBXContainerItemProxy;
			containerPortal = 5EA217CF20E40CEA0061F7FF /* Project object */;
			proxyType = 1;
			remoteGlobalIDString = 5EA2190820E41D380061F7FF;
			remoteInfo = CrowdCountApi;
		};
		5EA2191520E41D390061F7FF /* PBXContainerItemProxy */ = {
			isa = PBXContainerItemProxy;
			containerPortal = 5EA217CF20E40CEA0061F7FF /* Project object */;
			proxyType = 1;
			remoteGlobalIDString = 5EA217D620E40CEA0061F7FF;
			remoteInfo = CrowdCount;
		};
		5EA2191C20E41D390061F7FF /* PBXContainerItemProxy */ = {
			isa = PBXContainerItemProxy;
			containerPortal = 5EA217CF20E40CEA0061F7FF /* Project object */;
			proxyType = 1;
			remoteGlobalIDString = 5EA2190820E41D380061F7FF;
			remoteInfo = CrowdCountApi;
		};
/* End PBXContainerItemProxy section */

/* Begin PBXCopyFilesBuildPhase section */
		5EA218FF20E41BFF0061F7FF /* Embed Frameworks */ = {
			isa = PBXCopyFilesBuildPhase;
			buildActionMask = 2147483647;
			dstPath = "";
			dstSubfolderSpec = 10;
			files = (
				5EE985CB20FA84110047FC4F /* CrowdCountApi.framework in Embed Frameworks */,
			);
			name = "Embed Frameworks";
			runOnlyForDeploymentPostprocessing = 0;
		};
/* End PBXCopyFilesBuildPhase section */

/* Begin PBXFileReference section */
		5E1AAA5A20EE9B8800098F1D /* FriendlyPredictor+ios.swift */ = {isa = PBXFileReference; lastKnownFileType = sourcecode.swift; path = "FriendlyPredictor+ios.swift"; sourceTree = "<group>"; };
		5E1AAA5C20EE9BCA00098F1D /* FriendlyPredictor+macos.swift */ = {isa = PBXFileReference; lastKnownFileType = sourcecode.swift; path = "FriendlyPredictor+macos.swift"; sourceTree = "<group>"; };
		5E1AAA6120EEA05300098F1D /* NSImage+resize.swift */ = {isa = PBXFileReference; lastKnownFileType = sourcecode.swift; path = "NSImage+resize.swift"; sourceTree = "<group>"; };
		5E3F316520ED3F23008B5C1B /* CrowdCountApiMac.framework */ = {isa = PBXFileReference; explicitFileType = wrapper.framework; includeInIndex = 0; path = CrowdCountApiMac.framework; sourceTree = BUILT_PRODUCTS_DIR; };
		5E4DFE6E20F0122700CD07FF /* Promises.framework */ = {isa = PBXFileReference; explicitFileType = wrapper.framework; path = Promises.framework; sourceTree = BUILT_PRODUCTS_DIR; };
		5E4DFE7020F0123C00CD07FF /* Promises.framework */ = {isa = PBXFileReference; explicitFileType = wrapper.framework; path = Promises.framework; sourceTree = BUILT_PRODUCTS_DIR; };
		5E4DFE7220F0154300CD07FF /* MultiArray+NSImage.swift */ = {isa = PBXFileReference; lastKnownFileType = sourcecode.swift; path = "MultiArray+NSImage.swift"; sourceTree = "<group>"; };
		5E5C796E20EFF40200EDC113 /* Promises.framework */ = {isa = PBXFileReference; explicitFileType = wrapper.framework; path = Promises.framework; sourceTree = BUILT_PRODUCTS_DIR; };
		5E5C797020EFF4C700EDC113 /* FBLPromises.framework */ = {isa = PBXFileReference; explicitFileType = wrapper.framework; path = FBLPromises.framework; sourceTree = BUILT_PRODUCTS_DIR; };
		5E67667C20E72E9B002A4E0D /* FriendlyPredictor.swift */ = {isa = PBXFileReference; lastKnownFileType = sourcecode.swift; path = FriendlyPredictor.swift; sourceTree = "<group>"; };
		5E67668720E73C8F002A4E0D /* Math.swift */ = {isa = PBXFileReference; fileEncoding = 4; lastKnownFileType = sourcecode.swift; path = Math.swift; sourceTree = "<group>"; };
		5E67668820E73C8F002A4E0D /* UIImage+CVPixelBuffer.swift */ = {isa = PBXFileReference; fileEncoding = 4; lastKnownFileType = sourcecode.swift; path = "UIImage+CVPixelBuffer.swift"; sourceTree = "<group>"; };
		5E67668920E73C8F002A4E0D /* Array.swift */ = {isa = PBXFileReference; fileEncoding = 4; lastKnownFileType = sourcecode.swift; path = Array.swift; sourceTree = "<group>"; };
		5E67668A20E73C8F002A4E0D /* Predictions.swift */ = {isa = PBXFileReference; fileEncoding = 4; lastKnownFileType = sourcecode.swift; path = Predictions.swift; sourceTree = "<group>"; };
		5E67668B20E73C8F002A4E0D /* MultiArray.swift */ = {isa = PBXFileReference; fileEncoding = 4; lastKnownFileType = sourcecode.swift; path = MultiArray.swift; sourceTree = "<group>"; };
		5E67668C20E73C8F002A4E0D /* CVPixelBuffer+Helpers.swift */ = {isa = PBXFileReference; fileEncoding = 4; lastKnownFileType = sourcecode.swift; path = "CVPixelBuffer+Helpers.swift"; sourceTree = "<group>"; };
		5E67668D20E73C8F002A4E0D /* NonMaxSuppression.swift */ = {isa = PBXFileReference; fileEncoding = 4; lastKnownFileType = sourcecode.swift; path = NonMaxSuppression.swift; sourceTree = "<group>"; };
		5E67668E20E73C8F002A4E0D /* MLMultiArray+UIImage.swift */ = {isa = PBXFileReference; fileEncoding = 4; lastKnownFileType = sourcecode.swift; path = "MLMultiArray+UIImage.swift"; sourceTree = "<group>"; };
		5E67669720E9A41F002A4E0D /* UIImage+resize.swift */ = {isa = PBXFileReference; lastKnownFileType = sourcecode.swift; path = "UIImage+resize.swift"; sourceTree = "<group>"; };
		5E67669920E9A549002A4E0D /* Duration.swift */ = {isa = PBXFileReference; lastKnownFileType = sourcecode.swift; path = Duration.swift; sourceTree = "<group>"; };
		5EA217D720E40CEA0061F7FF /* CrowdCount.app */ = {isa = PBXFileReference; explicitFileType = wrapper.application; includeInIndex = 0; path = CrowdCount.app; sourceTree = BUILT_PRODUCTS_DIR; };
		5EA217DA20E40CEA0061F7FF /* AppDelegate.swift */ = {isa = PBXFileReference; lastKnownFileType = sourcecode.swift; path = AppDelegate.swift; sourceTree = "<group>"; };
		5EA217E320E40CEA0061F7FF /* Base */ = {isa = PBXFileReference; lastKnownFileType = file.storyboard; name = Base; path = Base.lproj/Main.storyboard; sourceTree = "<group>"; };
		5EA217E520E40CEC0061F7FF /* Assets.xcassets */ = {isa = PBXFileReference; lastKnownFileType = folder.assetcatalog; path = Assets.xcassets; sourceTree = "<group>"; };
		5EA217E820E40CEC0061F7FF /* Base */ = {isa = PBXFileReference; lastKnownFileType = file.storyboard; name = Base; path = Base.lproj/LaunchScreen.storyboard; sourceTree = "<group>"; };
		5EA217EA20E40CEC0061F7FF /* Info.plist */ = {isa = PBXFileReference; lastKnownFileType = text.plist.xml; path = Info.plist; sourceTree = "<group>"; };
		5EA217EF20E40CEC0061F7FF /* CrowdCountTests.xctest */ = {isa = PBXFileReference; explicitFileType = wrapper.cfbundle; includeInIndex = 0; path = CrowdCountTests.xctest; sourceTree = BUILT_PRODUCTS_DIR; };
		5EA217F320E40CEC0061F7FF /* CrowdCountTests.swift */ = {isa = PBXFileReference; lastKnownFileType = sourcecode.swift; path = CrowdCountTests.swift; sourceTree = "<group>"; };
		5EA217F520E40CEC0061F7FF /* Info.plist */ = {isa = PBXFileReference; lastKnownFileType = text.plist.xml; path = Info.plist; sourceTree = "<group>"; };
		5EA217FA20E40CEC0061F7FF /* CrowdCountUITests.xctest */ = {isa = PBXFileReference; explicitFileType = wrapper.cfbundle; includeInIndex = 0; path = CrowdCountUITests.xctest; sourceTree = BUILT_PRODUCTS_DIR; };
		5EA217FE20E40CED0061F7FF /* CrowdCountUITests.swift */ = {isa = PBXFileReference; lastKnownFileType = sourcecode.swift; path = CrowdCountUITests.swift; sourceTree = "<group>"; };
		5EA2180020E40CED0061F7FF /* Info.plist */ = {isa = PBXFileReference; lastKnownFileType = text.plist.xml; path = Info.plist; sourceTree = "<group>"; };
		5EA2190920E41D380061F7FF /* CrowdCountApi.framework */ = {isa = PBXFileReference; explicitFileType = wrapper.framework; includeInIndex = 0; path = CrowdCountApi.framework; sourceTree = BUILT_PRODUCTS_DIR; };
		5EA2190B20E41D380061F7FF /* CrowdCountApi.h */ = {isa = PBXFileReference; lastKnownFileType = sourcecode.c.h; path = CrowdCountApi.h; sourceTree = "<group>"; };
		5EA2190C20E41D380061F7FF /* Info.plist */ = {isa = PBXFileReference; lastKnownFileType = text.plist.xml; path = Info.plist; sourceTree = "<group>"; };
		5EA2191120E41D390061F7FF /* CrowdCountApiTests.xctest */ = {isa = PBXFileReference; explicitFileType = wrapper.cfbundle; includeInIndex = 0; path = CrowdCountApiTests.xctest; sourceTree = BUILT_PRODUCTS_DIR; };
		5EA2191820E41D390061F7FF /* CrowdCountApiTests.swift */ = {isa = PBXFileReference; lastKnownFileType = sourcecode.swift; path = CrowdCountApiTests.swift; sourceTree = "<group>"; };
		5EA2191A20E41D390061F7FF /* Info.plist */ = {isa = PBXFileReference; lastKnownFileType = text.plist.xml; path = Info.plist; sourceTree = "<group>"; };
		5EB25CF820EF0C84006FA509 /* Cartography.framework */ = {isa = PBXFileReference; lastKnownFileType = wrapper.framework; name = Cartography.framework; path = Carthage/Build/Mac/Cartography.framework; sourceTree = "<group>"; };
		5EB25CFA20EF0C9A006FA509 /* Cartography.framework */ = {isa = PBXFileReference; lastKnownFileType = wrapper.framework; name = Cartography.framework; path = Carthage/Build/iOS/Cartography.framework; sourceTree = "<group>"; };
		5EB6BB0A20F152CD00114EDA /* YOLO.swift */ = {isa = PBXFileReference; lastKnownFileType = sourcecode.swift; path = YOLO.swift; sourceTree = "<group>"; };
		5EB6BB0D20F1533A00114EDA /* BoundingBox.swift */ = {isa = PBXFileReference; lastKnownFileType = sourcecode.swift; path = BoundingBox.swift; sourceTree = "<group>"; };
		5EB6BB1020F154B900114EDA /* Helpers.swift */ = {isa = PBXFileReference; lastKnownFileType = sourcecode.swift; path = Helpers.swift; sourceTree = "<group>"; };
		5EB6BB1520F1579E00114EDA /* CrowdClassifier.mlmodel */ = {isa = PBXFileReference; lastKnownFileType = file.mlmodel; path = CrowdClassifier.mlmodel; sourceTree = "<group>"; };
		5EB6BB1620F1579E00114EDA /* TensPredictor.mlmodel */ = {isa = PBXFileReference; lastKnownFileType = file.mlmodel; path = TensPredictor.mlmodel; sourceTree = "<group>"; };
		5EB6BB1720F1579E00114EDA /* HundredsPredictor.mlmodel */ = {isa = PBXFileReference; lastKnownFileType = file.mlmodel; path = HundredsPredictor.mlmodel; sourceTree = "<group>"; };
		5EB6BB1820F1579E00114EDA /* TinyYOLO.mlmodel */ = {isa = PBXFileReference; lastKnownFileType = file.mlmodel; path = TinyYOLO.mlmodel; sourceTree = "<group>"; };
		5EB7F3FB20EFC60F00CBE024 /* PredictionStrategy.swift */ = {isa = PBXFileReference; lastKnownFileType = sourcecode.swift; path = PredictionStrategy.swift; sourceTree = "<group>"; };
		5ED4789B20EEA5250000B09D /* MultiArray+UIImage.swift */ = {isa = PBXFileReference; lastKnownFileType = sourcecode.swift; path = "MultiArray+UIImage.swift"; sourceTree = "<group>"; };
		5EE985C820FA6D9C0047FC4F /* SwipeViewController.swift */ = {isa = PBXFileReference; lastKnownFileType = sourcecode.swift; path = SwipeViewController.swift; sourceTree = "<group>"; };
		5EE985D720FA8A5D0047FC4F /* CameraViewController.swift */ = {isa = PBXFileReference; lastKnownFileType = sourcecode.swift; path = CameraViewController.swift; sourceTree = "<group>"; };
		5EF94FE420F1B888002E01CC /* FaceDetector.swift */ = {isa = PBXFileReference; lastKnownFileType = sourcecode.swift; path = FaceDetector.swift; sourceTree = "<group>"; };
		5EFFC4DB20FDFC4A00E75C38 /* CameraFrameExtractor.swift */ = {isa = PBXFileReference; lastKnownFileType = sourcecode.swift; path = CameraFrameExtractor.swift; sourceTree = "<group>"; };
		5EFFC4DD20FE004D00E75C38 /* FrameExtractorDelegate.swift */ = {isa = PBXFileReference; lastKnownFileType = sourcecode.swift; path = FrameExtractorDelegate.swift; sourceTree = "<group>"; };
/* End PBXFileReference section */

/* Begin PBXFrameworksBuildPhase section */
		5E3F316220ED3F23008B5C1B /* Frameworks */ = {
			isa = PBXFrameworksBuildPhase;
			buildActionMask = 2147483647;
			files = (
				5E4DFE6F20F0122700CD07FF /* Promises.framework in Frameworks */,
			);
			runOnlyForDeploymentPostprocessing = 0;
		};
		5EA217D420E40CEA0061F7FF /* Frameworks */ = {
			isa = PBXFrameworksBuildPhase;
			buildActionMask = 2147483647;
			files = (
				5EE985D520FA85500047FC4F /* FBLPromises.framework in Frameworks */,
				5EE985D420FA851F0047FC4F /* Promises.framework in Frameworks */,
				5EA2191E20E41D390061F7FF /* CrowdCountApi.framework in Frameworks */,
			);
			runOnlyForDeploymentPostprocessing = 0;
		};
		5EA217EC20E40CEC0061F7FF /* Frameworks */ = {
			isa = PBXFrameworksBuildPhase;
			buildActionMask = 2147483647;
			files = (
			);
			runOnlyForDeploymentPostprocessing = 0;
		};
		5EA217F720E40CEC0061F7FF /* Frameworks */ = {
			isa = PBXFrameworksBuildPhase;
			buildActionMask = 2147483647;
			files = (
			);
			runOnlyForDeploymentPostprocessing = 0;
		};
		5EA2190620E41D380061F7FF /* Frameworks */ = {
			isa = PBXFrameworksBuildPhase;
			buildActionMask = 2147483647;
			files = (
				5E4DFE7120F0123C00CD07FF /* Promises.framework in Frameworks */,
			);
			runOnlyForDeploymentPostprocessing = 0;
		};
		5EA2190E20E41D390061F7FF /* Frameworks */ = {
			isa = PBXFrameworksBuildPhase;
			buildActionMask = 2147483647;
			files = (
				5EA2191220E41D390061F7FF /* CrowdCountApi.framework in Frameworks */,
			);
			runOnlyForDeploymentPostprocessing = 0;
		};
/* End PBXFrameworksBuildPhase section */

/* Begin PBXGroup section */
		5E3F316620ED3F23008B5C1B /* CrowdCountApiMac */ = {
			isa = PBXGroup;
			children = (
			);
			path = CrowdCountApiMac;
			sourceTree = "<group>";
		};
		5E67668620E73C8F002A4E0D /* CoreMLHelpers */ = {
			isa = PBXGroup;
			children = (
				5E67668720E73C8F002A4E0D /* Math.swift */,
				5E67668820E73C8F002A4E0D /* UIImage+CVPixelBuffer.swift */,
				5E67668920E73C8F002A4E0D /* Array.swift */,
				5E67668A20E73C8F002A4E0D /* Predictions.swift */,
				5E67668B20E73C8F002A4E0D /* MultiArray.swift */,
				5ED4789B20EEA5250000B09D /* MultiArray+UIImage.swift */,
				5E4DFE7220F0154300CD07FF /* MultiArray+NSImage.swift */,
				5E67668C20E73C8F002A4E0D /* CVPixelBuffer+Helpers.swift */,
				5E67668D20E73C8F002A4E0D /* NonMaxSuppression.swift */,
				5E67668E20E73C8F002A4E0D /* MLMultiArray+UIImage.swift */,
				5EB6BB1020F154B900114EDA /* Helpers.swift */,
			);
			path = CoreMLHelpers;
			sourceTree = "<group>";
		};
		5EA217CE20E40CEA0061F7FF = {
			isa = PBXGroup;
			children = (
				5EA217D920E40CEA0061F7FF /* CrowdCount */,
				5EA217F220E40CEC0061F7FF /* CrowdCountTests */,
				5EA217FD20E40CED0061F7FF /* CrowdCountUITests */,
				5EA2190A20E41D380061F7FF /* CrowdCountApi */,
				5EA2191720E41D390061F7FF /* CrowdCountApiTests */,
				5E3F316620ED3F23008B5C1B /* CrowdCountApiMac */,
				5EA217D820E40CEA0061F7FF /* Products */,
				5EB25CF720EF0C84006FA509 /* Frameworks */,
			);
			sourceTree = "<group>";
		};
		5EA217D820E40CEA0061F7FF /* Products */ = {
			isa = PBXGroup;
			children = (
				5EA217D720E40CEA0061F7FF /* CrowdCount.app */,
				5EA217EF20E40CEC0061F7FF /* CrowdCountTests.xctest */,
				5EA217FA20E40CEC0061F7FF /* CrowdCountUITests.xctest */,
				5EA2190920E41D380061F7FF /* CrowdCountApi.framework */,
				5EA2191120E41D390061F7FF /* CrowdCountApiTests.xctest */,
				5E3F316520ED3F23008B5C1B /* CrowdCountApiMac.framework */,
			);
			name = Products;
			sourceTree = "<group>";
		};
		5EA217D920E40CEA0061F7FF /* CrowdCount */ = {
			isa = PBXGroup;
			children = (
				5EFFC4DA20FDFA4900E75C38 /* FrameExtractor */,
				5EA217DA20E40CEA0061F7FF /* AppDelegate.swift */,
				5EA217E220E40CEA0061F7FF /* Main.storyboard */,
				5EA217E520E40CEC0061F7FF /* Assets.xcassets */,
				5EA217E720E40CEC0061F7FF /* LaunchScreen.storyboard */,
				5EA217EA20E40CEC0061F7FF /* Info.plist */,
				5EE985C820FA6D9C0047FC4F /* SwipeViewController.swift */,
				5EE985D720FA8A5D0047FC4F /* CameraViewController.swift */,
			);
			path = CrowdCount;
			sourceTree = "<group>";
		};
		5EA217F220E40CEC0061F7FF /* CrowdCountTests */ = {
			isa = PBXGroup;
			children = (
				5EA217F320E40CEC0061F7FF /* CrowdCountTests.swift */,
				5EA217F520E40CEC0061F7FF /* Info.plist */,
			);
			path = CrowdCountTests;
			sourceTree = "<group>";
		};
		5EA217FD20E40CED0061F7FF /* CrowdCountUITests */ = {
			isa = PBXGroup;
			children = (
				5EA217FE20E40CED0061F7FF /* CrowdCountUITests.swift */,
				5EA2180020E40CED0061F7FF /* Info.plist */,
			);
			path = CrowdCountUITests;
			sourceTree = "<group>";
		};
		5EA2190A20E41D380061F7FF /* CrowdCountApi */ = {
			isa = PBXGroup;
			children = (
				5EB6BB1420F1579E00114EDA /* Models */,
				5E67668620E73C8F002A4E0D /* CoreMLHelpers */,
				5EA2190B20E41D380061F7FF /* CrowdCountApi.h */,
				5EA2190C20E41D380061F7FF /* Info.plist */,
				5E67667C20E72E9B002A4E0D /* FriendlyPredictor.swift */,
				5E1AAA5C20EE9BCA00098F1D /* FriendlyPredictor+macos.swift */,
				5E1AAA5A20EE9B8800098F1D /* FriendlyPredictor+ios.swift */,
				5E67669720E9A41F002A4E0D /* UIImage+resize.swift */,
				5E1AAA6120EEA05300098F1D /* NSImage+resize.swift */,
				5E67669920E9A549002A4E0D /* Duration.swift */,
				5EB7F3FB20EFC60F00CBE024 /* PredictionStrategy.swift */,
				5EB6BB0A20F152CD00114EDA /* YOLO.swift */,
				5EB6BB0D20F1533A00114EDA /* BoundingBox.swift */,
				5EF94FE420F1B888002E01CC /* FaceDetector.swift */,
			);
			path = CrowdCountApi;
			sourceTree = "<group>";
		};
		5EA2191720E41D390061F7FF /* CrowdCountApiTests */ = {
			isa = PBXGroup;
			children = (
				5EA2191820E41D390061F7FF /* CrowdCountApiTests.swift */,
				5EA2191A20E41D390061F7FF /* Info.plist */,
			);
			path = CrowdCountApiTests;
			sourceTree = "<group>";
		};
		5EB25CF720EF0C84006FA509 /* Frameworks */ = {
			isa = PBXGroup;
			children = (
				5E4DFE7020F0123C00CD07FF /* Promises.framework */,
				5E4DFE6E20F0122700CD07FF /* Promises.framework */,
				5E5C797020EFF4C700EDC113 /* FBLPromises.framework */,
				5E5C796E20EFF40200EDC113 /* Promises.framework */,
				5EB25CFA20EF0C9A006FA509 /* Cartography.framework */,
				5EB25CF820EF0C84006FA509 /* Cartography.framework */,
			);
			name = Frameworks;
			sourceTree = "<group>";
		};
		5EB6BB1420F1579E00114EDA /* Models */ = {
			isa = PBXGroup;
			children = (
				5EB6BB1520F1579E00114EDA /* CrowdClassifier.mlmodel */,
				5EB6BB1620F1579E00114EDA /* TensPredictor.mlmodel */,
				5EB6BB1720F1579E00114EDA /* HundredsPredictor.mlmodel */,
				5EB6BB1820F1579E00114EDA /* TinyYOLO.mlmodel */,
			);
			path = Models;
			sourceTree = "<group>";
		};
		5EFFC4DA20FDFA4900E75C38 /* FrameExtractor */ = {
			isa = PBXGroup;
			children = (
				5EFFC4DB20FDFC4A00E75C38 /* CameraFrameExtractor.swift */,
				5EFFC4DD20FE004D00E75C38 /* FrameExtractorDelegate.swift */,
			);
			path = FrameExtractor;
			sourceTree = "<group>";
		};
/* End PBXGroup section */

/* Begin PBXHeadersBuildPhase section */
		5E3F316020ED3F23008B5C1B /* Headers */ = {
			isa = PBXHeadersBuildPhase;
			buildActionMask = 2147483647;
			files = (
			);
			runOnlyForDeploymentPostprocessing = 0;
		};
		5EA2190420E41D380061F7FF /* Headers */ = {
			isa = PBXHeadersBuildPhase;
			buildActionMask = 2147483647;
			files = (
				5EA2191B20E41D390061F7FF /* CrowdCountApi.h in Headers */,
			);
			runOnlyForDeploymentPostprocessing = 0;
		};
/* End PBXHeadersBuildPhase section */

/* Begin PBXNativeTarget section */
		5E3F316420ED3F23008B5C1B /* CrowdCountApiMac */ = {
			isa = PBXNativeTarget;
			buildConfigurationList = 5E3F316C20ED3F23008B5C1B /* Build configuration list for PBXNativeTarget "CrowdCountApiMac" */;
			buildPhases = (
				5E3F316020ED3F23008B5C1B /* Headers */,
				5E3F316120ED3F23008B5C1B /* Sources */,
				5E3F316220ED3F23008B5C1B /* Frameworks */,
				5E3F316320ED3F23008B5C1B /* Resources */,
			);
			buildRules = (
			);
			dependencies = (
			);
			name = CrowdCountApiMac;
			productName = CrowdCountApiMac;
			productReference = 5E3F316520ED3F23008B5C1B /* CrowdCountApiMac.framework */;
			productType = "com.apple.product-type.framework";
		};
		5EA217D620E40CEA0061F7FF /* CrowdCount */ = {
			isa = PBXNativeTarget;
			buildConfigurationList = 5EA2180320E40CED0061F7FF /* Build configuration list for PBXNativeTarget "CrowdCount" */;
			buildPhases = (
				5EA217D320E40CEA0061F7FF /* Sources */,
				5EA217D420E40CEA0061F7FF /* Frameworks */,
				5EA217D520E40CEA0061F7FF /* Resources */,
				5EA218FF20E41BFF0061F7FF /* Embed Frameworks */,
				5EB25CFD20EF0CF2006FA509 /* ShellScript */,
			);
			buildRules = (
			);
			dependencies = (
				5EA2191D20E41D390061F7FF /* PBXTargetDependency */,
			);
			name = CrowdCount;
			productName = CrowdCount;
			productReference = 5EA217D720E40CEA0061F7FF /* CrowdCount.app */;
			productType = "com.apple.product-type.application";
		};
		5EA217EE20E40CEC0061F7FF /* CrowdCountTests */ = {
			isa = PBXNativeTarget;
			buildConfigurationList = 5EA2180620E40CED0061F7FF /* Build configuration list for PBXNativeTarget "CrowdCountTests" */;
			buildPhases = (
				5EA217EB20E40CEC0061F7FF /* Sources */,
				5EA217EC20E40CEC0061F7FF /* Frameworks */,
				5EA217ED20E40CEC0061F7FF /* Resources */,
			);
			buildRules = (
			);
			dependencies = (
				5EA217F120E40CEC0061F7FF /* PBXTargetDependency */,
			);
			name = CrowdCountTests;
			productName = CrowdCountTests;
			productReference = 5EA217EF20E40CEC0061F7FF /* CrowdCountTests.xctest */;
			productType = "com.apple.product-type.bundle.unit-test";
		};
		5EA217F920E40CEC0061F7FF /* CrowdCountUITests */ = {
			isa = PBXNativeTarget;
			buildConfigurationList = 5EA2180920E40CED0061F7FF /* Build configuration list for PBXNativeTarget "CrowdCountUITests" */;
			buildPhases = (
				5EA217F620E40CEC0061F7FF /* Sources */,
				5EA217F720E40CEC0061F7FF /* Frameworks */,
				5EA217F820E40CEC0061F7FF /* Resources */,
			);
			buildRules = (
			);
			dependencies = (
				5EA217FC20E40CED0061F7FF /* PBXTargetDependency */,
			);
			name = CrowdCountUITests;
			productName = CrowdCountUITests;
			productReference = 5EA217FA20E40CEC0061F7FF /* CrowdCountUITests.xctest */;
			productType = "com.apple.product-type.bundle.ui-testing";
		};
		5EA2190820E41D380061F7FF /* CrowdCountApi */ = {
			isa = PBXNativeTarget;
			buildConfigurationList = 5EA2192020E41D390061F7FF /* Build configuration list for PBXNativeTarget "CrowdCountApi" */;
			buildPhases = (
				5EA2190420E41D380061F7FF /* Headers */,
				5EA2190520E41D380061F7FF /* Sources */,
				5EA2190620E41D380061F7FF /* Frameworks */,
				5EA2190720E41D380061F7FF /* Resources */,
			);
			buildRules = (
			);
			dependencies = (
			);
			name = CrowdCountApi;
			productName = CrowdCountApi;
			productReference = 5EA2190920E41D380061F7FF /* CrowdCountApi.framework */;
			productType = "com.apple.product-type.framework";
		};
		5EA2191020E41D390061F7FF /* CrowdCountApiTests */ = {
			isa = PBXNativeTarget;
			buildConfigurationList = 5EA2192320E41D390061F7FF /* Build configuration list for PBXNativeTarget "CrowdCountApiTests" */;
			buildPhases = (
				5EA2190D20E41D390061F7FF /* Sources */,
				5EA2190E20E41D390061F7FF /* Frameworks */,
				5EA2190F20E41D390061F7FF /* Resources */,
			);
			buildRules = (
			);
			dependencies = (
				5EA2191420E41D390061F7FF /* PBXTargetDependency */,
				5EA2191620E41D390061F7FF /* PBXTargetDependency */,
			);
			name = CrowdCountApiTests;
			productName = CrowdCountApiTests;
			productReference = 5EA2191120E41D390061F7FF /* CrowdCountApiTests.xctest */;
			productType = "com.apple.product-type.bundle.unit-test";
		};
/* End PBXNativeTarget section */

/* Begin PBXProject section */
		5EA217CF20E40CEA0061F7FF /* Project object */ = {
			isa = PBXProject;
			attributes = {
				LastSwiftUpdateCheck = 1000;
				LastUpgradeCheck = 1000;
				ORGANIZATIONNAME = "Dimitri Roche";
				TargetAttributes = {
					5E3F316420ED3F23008B5C1B = {
						CreatedOnToolsVersion = 10.0;
					};
					5EA217D620E40CEA0061F7FF = {
						CreatedOnToolsVersion = 10.0;
					};
					5EA217EE20E40CEC0061F7FF = {
						CreatedOnToolsVersion = 10.0;
						TestTargetID = 5EA217D620E40CEA0061F7FF;
					};
					5EA217F920E40CEC0061F7FF = {
						CreatedOnToolsVersion = 10.0;
						TestTargetID = 5EA217D620E40CEA0061F7FF;
					};
					5EA2190820E41D380061F7FF = {
						CreatedOnToolsVersion = 10.0;
					};
					5EA2191020E41D390061F7FF = {
						CreatedOnToolsVersion = 10.0;
						TestTargetID = 5EA217D620E40CEA0061F7FF;
					};
				};
			};
			buildConfigurationList = 5EA217D220E40CEA0061F7FF /* Build configuration list for PBXProject "CrowdCount" */;
			compatibilityVersion = "Xcode 9.3";
			developmentRegion = en;
			hasScannedForEncodings = 0;
			knownRegions = (
				en,
				Base,
			);
			mainGroup = 5EA217CE20E40CEA0061F7FF;
			productRefGroup = 5EA217D820E40CEA0061F7FF /* Products */;
			projectDirPath = "";
			projectRoot = "";
			targets = (
				5EA217D620E40CEA0061F7FF /* CrowdCount */,
				5EA217EE20E40CEC0061F7FF /* CrowdCountTests */,
				5EA217F920E40CEC0061F7FF /* CrowdCountUITests */,
				5EA2190820E41D380061F7FF /* CrowdCountApi */,
				5EA2191020E41D390061F7FF /* CrowdCountApiTests */,
				5E3F316420ED3F23008B5C1B /* CrowdCountApiMac */,
			);
		};
/* End PBXProject section */

/* Begin PBXResourcesBuildPhase section */
		5E3F316320ED3F23008B5C1B /* Resources */ = {
			isa = PBXResourcesBuildPhase;
			buildActionMask = 2147483647;
			files = (
			);
			runOnlyForDeploymentPostprocessing = 0;
		};
		5EA217D520E40CEA0061F7FF /* Resources */ = {
			isa = PBXResourcesBuildPhase;
			buildActionMask = 2147483647;
			files = (
				5EA217E920E40CEC0061F7FF /* LaunchScreen.storyboard in Resources */,
				5EA217E620E40CEC0061F7FF /* Assets.xcassets in Resources */,
				5EA217E420E40CEA0061F7FF /* Main.storyboard in Resources */,
			);
			runOnlyForDeploymentPostprocessing = 0;
		};
		5EA217ED20E40CEC0061F7FF /* Resources */ = {
			isa = PBXResourcesBuildPhase;
			buildActionMask = 2147483647;
			files = (
			);
			runOnlyForDeploymentPostprocessing = 0;
		};
		5EA217F820E40CEC0061F7FF /* Resources */ = {
			isa = PBXResourcesBuildPhase;
			buildActionMask = 2147483647;
			files = (
			);
			runOnlyForDeploymentPostprocessing = 0;
		};
		5EA2190720E41D380061F7FF /* Resources */ = {
			isa = PBXResourcesBuildPhase;
			buildActionMask = 2147483647;
			files = (
			);
			runOnlyForDeploymentPostprocessing = 0;
		};
		5EA2190F20E41D390061F7FF /* Resources */ = {
			isa = PBXResourcesBuildPhase;
			buildActionMask = 2147483647;
			files = (
			);
			runOnlyForDeploymentPostprocessing = 0;
		};
/* End PBXResourcesBuildPhase section */

/* Begin PBXShellScriptBuildPhase section */
		5EB25CFD20EF0CF2006FA509 /* ShellScript */ = {
			isa = PBXShellScriptBuildPhase;
			buildActionMask = 2147483647;
			files = (
			);
			inputFileListPaths = (
			);
			inputPaths = (
				"$(SRCROOT)/Carthage/Build/iOS/Cartography.framework",
				"$(SRCROOT)/Carthage/Build/iOS/Promises.framework",
				"$(SRCROOT)/Carthage/Build/iOS/FBLPromises.framework",
			);
			outputFileListPaths = (
			);
			outputPaths = (
				"$(BUILT_PRODUCTS_DIR)/$(FRAMEWORKS_FOLDER_PATH)/Cartography.framework",
				"$(BUILT_PRODUCTS_DIR)/$(FRAMEWORKS_FOLDER_PATH)/Promises.framework",
				"$(BUILT_PRODUCTS_DIR)/$(FRAMEWORKS_FOLDER_PATH)/FBLPromises.framework",
			);
			runOnlyForDeploymentPostprocessing = 0;
			shellPath = /bin/sh;
			shellScript = "# Type a script or drag a script file from your workspace to insert its path.\n/usr/local/bin/carthage copy-frameworks\n";
		};
/* End PBXShellScriptBuildPhase section */

/* Begin PBXSourcesBuildPhase section */
		5E3F316120ED3F23008B5C1B /* Sources */ = {
			isa = PBXSourcesBuildPhase;
			buildActionMask = 2147483647;
			files = (
				5E3F317620ED41A3008B5C1B /* Array.swift in Sources */,
				5E3F317920ED41A3008B5C1B /* CVPixelBuffer+Helpers.swift in Sources */,
				5EB7F3FD20EFC60F00CBE024 /* PredictionStrategy.swift in Sources */,
				5EB6BB1C20F1579F00114EDA /* TensPredictor.mlmodel in Sources */,
				5EB6BB0C20F152CD00114EDA /* YOLO.swift in Sources */,
				5E1AAA6020EE9D7E00098F1D /* MultiArray.swift in Sources */,
				5EB6BB1E20F1579F00114EDA /* HundredsPredictor.mlmodel in Sources */,
				5EB6BB1A20F1579F00114EDA /* CrowdClassifier.mlmodel in Sources */,
				5EF94FE620F1B888002E01CC /* FaceDetector.swift in Sources */,
				5E1AAA6220EEA05300098F1D /* NSImage+resize.swift in Sources */,
				5E3F317320ED4140008B5C1B /* Duration.swift in Sources */,
				5E3F317A20ED41A3008B5C1B /* NonMaxSuppression.swift in Sources */,
				5E1AAA5F20EE9C9100098F1D /* FriendlyPredictor.swift in Sources */,
				5E3F317720ED41A3008B5C1B /* Predictions.swift in Sources */,
				5E4DFE7320F0154300CD07FF /* MultiArray+NSImage.swift in Sources */,
				5EB6BB1220F154B900114EDA /* Helpers.swift in Sources */,
				5EB6BB2020F1579F00114EDA /* TinyYOLO.mlmodel in Sources */,
				5E3F317420ED41A3008B5C1B /* Math.swift in Sources */,
				5E1AAA5D20EE9BCB00098F1D /* FriendlyPredictor+macos.swift in Sources */,
			);
			runOnlyForDeploymentPostprocessing = 0;
		};
		5EA217D320E40CEA0061F7FF /* Sources */ = {
			isa = PBXSourcesBuildPhase;
			buildActionMask = 2147483647;
			files = (
				5EE985C920FA6D9C0047FC4F /* SwipeViewController.swift in Sources */,
				5EFFC4DE20FE004D00E75C38 /* FrameExtractorDelegate.swift in Sources */,
				5EA217DB20E40CEA0061F7FF /* AppDelegate.swift in Sources */,
				5EE985D820FA8A5D0047FC4F /* CameraViewController.swift in Sources */,
				5EE985D920FA8B420047FC4F /* CrowdClassifier.mlmodel in Sources */,
				5EFFC4DC20FDFC4A00E75C38 /* CameraFrameExtractor.swift in Sources */,
			);
			runOnlyForDeploymentPostprocessing = 0;
		};
		5EA217EB20E40CEC0061F7FF /* Sources */ = {
			isa = PBXSourcesBuildPhase;
			buildActionMask = 2147483647;
			files = (
				5EA217F420E40CEC0061F7FF /* CrowdCountTests.swift in Sources */,
			);
			runOnlyForDeploymentPostprocessing = 0;
		};
		5EA217F620E40CEC0061F7FF /* Sources */ = {
			isa = PBXSourcesBuildPhase;
			buildActionMask = 2147483647;
			files = (
				5EA217FF20E40CED0061F7FF /* CrowdCountUITests.swift in Sources */,
			);
			runOnlyForDeploymentPostprocessing = 0;
		};
		5EA2190520E41D380061F7FF /* Sources */ = {
			isa = PBXSourcesBuildPhase;
			buildActionMask = 2147483647;
			files = (
				5E67669620E73C8F002A4E0D /* MLMultiArray+UIImage.swift in Sources */,
				5EB6BB1120F154B900114EDA /* Helpers.swift in Sources */,
				5E67669420E73C8F002A4E0D /* CVPixelBuffer+Helpers.swift in Sources */,
				5EB6BB1B20F1579F00114EDA /* TensPredictor.mlmodel in Sources */,
				5E67669A20E9A549002A4E0D /* Duration.swift in Sources */,
				5E1AAA5E20EE9BD400098F1D /* FriendlyPredictor+ios.swift in Sources */,
				5E67669120E73C8F002A4E0D /* Array.swift in Sources */,
				5EB6BB0B20F152CD00114EDA /* YOLO.swift in Sources */,
				5E67667D20E72E9B002A4E0D /* FriendlyPredictor.swift in Sources */,
				5EB6BB1F20F1579F00114EDA /* TinyYOLO.mlmodel in Sources */,
				5E67669320E73C8F002A4E0D /* MultiArray.swift in Sources */,
				5E67668F20E73C8F002A4E0D /* Math.swift in Sources */,
				5EF94FE520F1B888002E01CC /* FaceDetector.swift in Sources */,
				5E67669220E73C8F002A4E0D /* Predictions.swift in Sources */,
				5EB6BB1920F1579F00114EDA /* CrowdClassifier.mlmodel in Sources */,
				5E67669820E9A420002A4E0D /* UIImage+resize.swift in Sources */,
				5EB6BB1D20F1579F00114EDA /* HundredsPredictor.mlmodel in Sources */,
				5EB6BB0E20F1533A00114EDA /* BoundingBox.swift in Sources */,
				5E67669520E73C8F002A4E0D /* NonMaxSuppression.swift in Sources */,
				5EB7F3FC20EFC60F00CBE024 /* PredictionStrategy.swift in Sources */,
				5ED4789C20EEA5250000B09D /* MultiArray+UIImage.swift in Sources */,
				5E67669020E73C8F002A4E0D /* UIImage+CVPixelBuffer.swift in Sources */,
			);
			runOnlyForDeploymentPostprocessing = 0;
		};
		5EA2190D20E41D390061F7FF /* Sources */ = {
			isa = PBXSourcesBuildPhase;
			buildActionMask = 2147483647;
			files = (
				5EA2191920E41D390061F7FF /* CrowdCountApiTests.swift in Sources */,
			);
			runOnlyForDeploymentPostprocessing = 0;
		};
/* End PBXSourcesBuildPhase section */

/* Begin PBXTargetDependency section */
		5EA217F120E40CEC0061F7FF /* PBXTargetDependency */ = {
			isa = PBXTargetDependency;
			target = 5EA217D620E40CEA0061F7FF /* CrowdCount */;
			targetProxy = 5EA217F020E40CEC0061F7FF /* PBXContainerItemProxy */;
		};
		5EA217FC20E40CED0061F7FF /* PBXTargetDependency */ = {
			isa = PBXTargetDependency;
			target = 5EA217D620E40CEA0061F7FF /* CrowdCount */;
			targetProxy = 5EA217FB20E40CED0061F7FF /* PBXContainerItemProxy */;
		};
		5EA2191420E41D390061F7FF /* PBXTargetDependency */ = {
			isa = PBXTargetDependency;
			target = 5EA2190820E41D380061F7FF /* CrowdCountApi */;
			targetProxy = 5EA2191320E41D390061F7FF /* PBXContainerItemProxy */;
		};
		5EA2191620E41D390061F7FF /* PBXTargetDependency */ = {
			isa = PBXTargetDependency;
			target = 5EA217D620E40CEA0061F7FF /* CrowdCount */;
			targetProxy = 5EA2191520E41D390061F7FF /* PBXContainerItemProxy */;
		};
		5EA2191D20E41D390061F7FF /* PBXTargetDependency */ = {
			isa = PBXTargetDependency;
			target = 5EA2190820E41D380061F7FF /* CrowdCountApi */;
			targetProxy = 5EA2191C20E41D390061F7FF /* PBXContainerItemProxy */;
		};
/* End PBXTargetDependency section */

/* Begin PBXVariantGroup section */
		5EA217E220E40CEA0061F7FF /* Main.storyboard */ = {
			isa = PBXVariantGroup;
			children = (
				5EA217E320E40CEA0061F7FF /* Base */,
			);
			name = Main.storyboard;
			sourceTree = "<group>";
		};
		5EA217E720E40CEC0061F7FF /* LaunchScreen.storyboard */ = {
			isa = PBXVariantGroup;
			children = (
				5EA217E820E40CEC0061F7FF /* Base */,
			);
			name = LaunchScreen.storyboard;
			sourceTree = "<group>";
		};
/* End PBXVariantGroup section */

/* Begin XCBuildConfiguration section */
		5E3F316A20ED3F23008B5C1B /* Debug */ = {
			isa = XCBuildConfiguration;
			buildSettings = {
				CODE_SIGN_IDENTITY = "Mac Developer";
				CODE_SIGN_STYLE = Automatic;
				COMBINE_HIDPI_IMAGES = YES;
				CURRENT_PROJECT_VERSION = 1;
				DEFINES_MODULE = YES;
				DEVELOPMENT_TEAM = 5R23V2RJ26;
				DYLIB_COMPATIBILITY_VERSION = 1;
				DYLIB_CURRENT_VERSION = 1;
				DYLIB_INSTALL_NAME_BASE = "@rpath";
				FRAMEWORK_SEARCH_PATHS = (
					"$(inherited)",
					"$(PROJECT_DIR)/Carthage/Build/Mac",
				);
				FRAMEWORK_VERSION = A;
				INFOPLIST_FILE = "$(SRCROOT)/CrowdCountApi/Info.plist";
				INSTALL_PATH = "$(LOCAL_LIBRARY_DIR)/Frameworks";
				LD_RUNPATH_SEARCH_PATHS = (
					"$(inherited)",
					"@executable_path/../Frameworks",
					"@loader_path/Frameworks",
				);
				MACOSX_DEPLOYMENT_TARGET = 10.14;
				MTL_FAST_MATH = YES;
				PRODUCT_BUNDLE_IDENTIFIER = com.dimroc.CrowdCountApiMac;
				PRODUCT_NAME = CrowdCountApiMac;
				SDKROOT = macosx;
				SKIP_INSTALL = YES;
				SWIFT_VERSION = 4.2;
				VERSIONING_SYSTEM = "apple-generic";
				VERSION_INFO_PREFIX = "";
			};
			name = Debug;
		};
		5E3F316B20ED3F23008B5C1B /* Release */ = {
			isa = XCBuildConfiguration;
			buildSettings = {
				CODE_SIGN_IDENTITY = "Mac Developer";
				CODE_SIGN_STYLE = Automatic;
				COMBINE_HIDPI_IMAGES = YES;
				CURRENT_PROJECT_VERSION = 1;
				DEFINES_MODULE = YES;
				DEVELOPMENT_TEAM = 5R23V2RJ26;
				DYLIB_COMPATIBILITY_VERSION = 1;
				DYLIB_CURRENT_VERSION = 1;
				DYLIB_INSTALL_NAME_BASE = "@rpath";
				FRAMEWORK_SEARCH_PATHS = (
					"$(inherited)",
					"$(PROJECT_DIR)/Carthage/Build/Mac",
				);
				FRAMEWORK_VERSION = A;
				INFOPLIST_FILE = "$(SRCROOT)/CrowdCountApi/Info.plist";
				INSTALL_PATH = "$(LOCAL_LIBRARY_DIR)/Frameworks";
				LD_RUNPATH_SEARCH_PATHS = (
					"$(inherited)",
					"@executable_path/../Frameworks",
					"@loader_path/Frameworks",
				);
				MACOSX_DEPLOYMENT_TARGET = 10.14;
				MTL_FAST_MATH = YES;
				PRODUCT_BUNDLE_IDENTIFIER = com.dimroc.CrowdCountApiMac;
				PRODUCT_NAME = CrowdCountApiMac;
				SDKROOT = macosx;
				SKIP_INSTALL = YES;
				SWIFT_VERSION = 4.2;
				VERSIONING_SYSTEM = "apple-generic";
				VERSION_INFO_PREFIX = "";
			};
			name = Release;
		};
		5EA2180120E40CED0061F7FF /* Debug */ = {
			isa = XCBuildConfiguration;
			buildSettings = {
				ALWAYS_SEARCH_USER_PATHS = NO;
				CLANG_ANALYZER_NONNULL = YES;
				CLANG_ANALYZER_NUMBER_OBJECT_CONVERSION = YES_AGGRESSIVE;
				CLANG_CXX_LANGUAGE_STANDARD = "gnu++14";
				CLANG_CXX_LIBRARY = "libc++";
				CLANG_ENABLE_MODULES = YES;
				CLANG_ENABLE_OBJC_ARC = YES;
				CLANG_ENABLE_OBJC_WEAK = YES;
				CLANG_WARN_BLOCK_CAPTURE_AUTORELEASING = YES;
				CLANG_WARN_BOOL_CONVERSION = YES;
				CLANG_WARN_COMMA = YES;
				CLANG_WARN_CONSTANT_CONVERSION = YES;
				CLANG_WARN_DEPRECATED_OBJC_IMPLEMENTATIONS = YES;
				CLANG_WARN_DIRECT_OBJC_ISA_USAGE = YES_ERROR;
				CLANG_WARN_DOCUMENTATION_COMMENTS = YES;
				CLANG_WARN_EMPTY_BODY = YES;
				CLANG_WARN_ENUM_CONVERSION = YES;
				CLANG_WARN_INFINITE_RECURSION = YES;
				CLANG_WARN_INT_CONVERSION = YES;
				CLANG_WARN_NON_LITERAL_NULL_CONVERSION = YES;
				CLANG_WARN_OBJC_IMPLICIT_RETAIN_SELF = YES;
				CLANG_WARN_OBJC_LITERAL_CONVERSION = YES;
				CLANG_WARN_OBJC_ROOT_CLASS = YES_ERROR;
				CLANG_WARN_RANGE_LOOP_ANALYSIS = YES;
				CLANG_WARN_STRICT_PROTOTYPES = YES;
				CLANG_WARN_SUSPICIOUS_MOVE = YES;
				CLANG_WARN_UNGUARDED_AVAILABILITY = YES_AGGRESSIVE;
				CLANG_WARN_UNREACHABLE_CODE = YES;
				CLANG_WARN__DUPLICATE_METHOD_MATCH = YES;
				CODE_SIGN_IDENTITY = "iPhone Developer";
				COPY_PHASE_STRIP = NO;
				DEBUG_INFORMATION_FORMAT = dwarf;
				ENABLE_STRICT_OBJC_MSGSEND = YES;
				ENABLE_TESTABILITY = YES;
				GCC_C_LANGUAGE_STANDARD = gnu11;
				GCC_DYNAMIC_NO_PIC = NO;
				GCC_NO_COMMON_BLOCKS = YES;
				GCC_OPTIMIZATION_LEVEL = 0;
				GCC_PREPROCESSOR_DEFINITIONS = (
					"DEBUG=1",
					"$(inherited)",
				);
				GCC_WARN_64_TO_32_BIT_CONVERSION = YES;
				GCC_WARN_ABOUT_RETURN_TYPE = YES_ERROR;
				GCC_WARN_UNDECLARED_SELECTOR = YES;
				GCC_WARN_UNINITIALIZED_AUTOS = YES_AGGRESSIVE;
				GCC_WARN_UNUSED_FUNCTION = YES;
				GCC_WARN_UNUSED_VARIABLE = YES;
				IPHONEOS_DEPLOYMENT_TARGET = 12.0;
				MTL_ENABLE_DEBUG_INFO = INCLUDE_SOURCE;
				ONLY_ACTIVE_ARCH = YES;
				SDKROOT = iphoneos;
				SWIFT_ACTIVE_COMPILATION_CONDITIONS = DEBUG;
				SWIFT_OPTIMIZATION_LEVEL = "-Onone";
			};
			name = Debug;
		};
		5EA2180220E40CED0061F7FF /* Release */ = {
			isa = XCBuildConfiguration;
			buildSettings = {
				ALWAYS_SEARCH_USER_PATHS = NO;
				CLANG_ANALYZER_NONNULL = YES;
				CLANG_ANALYZER_NUMBER_OBJECT_CONVERSION = YES_AGGRESSIVE;
				CLANG_CXX_LANGUAGE_STANDARD = "gnu++14";
				CLANG_CXX_LIBRARY = "libc++";
				CLANG_ENABLE_MODULES = YES;
				CLANG_ENABLE_OBJC_ARC = YES;
				CLANG_ENABLE_OBJC_WEAK = YES;
				CLANG_WARN_BLOCK_CAPTURE_AUTORELEASING = YES;
				CLANG_WARN_BOOL_CONVERSION = YES;
				CLANG_WARN_COMMA = YES;
				CLANG_WARN_CONSTANT_CONVERSION = YES;
				CLANG_WARN_DEPRECATED_OBJC_IMPLEMENTATIONS = YES;
				CLANG_WARN_DIRECT_OBJC_ISA_USAGE = YES_ERROR;
				CLANG_WARN_DOCUMENTATION_COMMENTS = YES;
				CLANG_WARN_EMPTY_BODY = YES;
				CLANG_WARN_ENUM_CONVERSION = YES;
				CLANG_WARN_INFINITE_RECURSION = YES;
				CLANG_WARN_INT_CONVERSION = YES;
				CLANG_WARN_NON_LITERAL_NULL_CONVERSION = YES;
				CLANG_WARN_OBJC_IMPLICIT_RETAIN_SELF = YES;
				CLANG_WARN_OBJC_LITERAL_CONVERSION = YES;
				CLANG_WARN_OBJC_ROOT_CLASS = YES_ERROR;
				CLANG_WARN_RANGE_LOOP_ANALYSIS = YES;
				CLANG_WARN_STRICT_PROTOTYPES = YES;
				CLANG_WARN_SUSPICIOUS_MOVE = YES;
				CLANG_WARN_UNGUARDED_AVAILABILITY = YES_AGGRESSIVE;
				CLANG_WARN_UNREACHABLE_CODE = YES;
				CLANG_WARN__DUPLICATE_METHOD_MATCH = YES;
				CODE_SIGN_IDENTITY = "iPhone Developer";
				COPY_PHASE_STRIP = NO;
				DEBUG_INFORMATION_FORMAT = "dwarf-with-dsym";
				ENABLE_NS_ASSERTIONS = NO;
				ENABLE_STRICT_OBJC_MSGSEND = YES;
				GCC_C_LANGUAGE_STANDARD = gnu11;
				GCC_NO_COMMON_BLOCKS = YES;
				GCC_WARN_64_TO_32_BIT_CONVERSION = YES;
				GCC_WARN_ABOUT_RETURN_TYPE = YES_ERROR;
				GCC_WARN_UNDECLARED_SELECTOR = YES;
				GCC_WARN_UNINITIALIZED_AUTOS = YES_AGGRESSIVE;
				GCC_WARN_UNUSED_FUNCTION = YES;
				GCC_WARN_UNUSED_VARIABLE = YES;
				IPHONEOS_DEPLOYMENT_TARGET = 12.0;
				MTL_ENABLE_DEBUG_INFO = NO;
				SDKROOT = iphoneos;
				SWIFT_COMPILATION_MODE = wholemodule;
				SWIFT_OPTIMIZATION_LEVEL = "-O";
				VALIDATE_PRODUCT = YES;
			};
			name = Release;
		};
		5EA2180420E40CED0061F7FF /* Debug */ = {
			isa = XCBuildConfiguration;
			buildSettings = {
				ALWAYS_EMBED_SWIFT_STANDARD_LIBRARIES = YES;
				ASSETCATALOG_COMPILER_APPICON_NAME = AppIcon;
				CODE_SIGN_STYLE = Automatic;
				DEVELOPMENT_TEAM = 5R23V2RJ26;
				FRAMEWORK_SEARCH_PATHS = (
					"$(inherited)",
					"$(PROJECT_DIR)/Carthage/Build/iOS",
				);
				INFOPLIST_FILE = CrowdCount/Info.plist;
				IPHONEOS_DEPLOYMENT_TARGET = 12.0;
				LD_RUNPATH_SEARCH_PATHS = (
					"$(inherited)",
					"@executable_path/Frameworks",
				);
				PRODUCT_BUNDLE_IDENTIFIER = com.dimroc.CrowdCount;
				PRODUCT_NAME = "$(TARGET_NAME)";
				SWIFT_VERSION = 4.2;
				TARGETED_DEVICE_FAMILY = "1,2";
			};
			name = Debug;
		};
		5EA2180520E40CED0061F7FF /* Release */ = {
			isa = XCBuildConfiguration;
			buildSettings = {
				ALWAYS_EMBED_SWIFT_STANDARD_LIBRARIES = YES;
				ASSETCATALOG_COMPILER_APPICON_NAME = AppIcon;
				CODE_SIGN_STYLE = Automatic;
				DEVELOPMENT_TEAM = 5R23V2RJ26;
				FRAMEWORK_SEARCH_PATHS = (
					"$(inherited)",
					"$(PROJECT_DIR)/Carthage/Build/iOS",
				);
				INFOPLIST_FILE = CrowdCount/Info.plist;
				IPHONEOS_DEPLOYMENT_TARGET = 12.0;
				LD_RUNPATH_SEARCH_PATHS = (
					"$(inherited)",
					"@executable_path/Frameworks",
				);
				PRODUCT_BUNDLE_IDENTIFIER = com.dimroc.CrowdCount;
				PRODUCT_NAME = "$(TARGET_NAME)";
				SWIFT_VERSION = 4.2;
				TARGETED_DEVICE_FAMILY = "1,2";
			};
			name = Release;
		};
		5EA2180720E40CED0061F7FF /* Debug */ = {
			isa = XCBuildConfiguration;
			buildSettings = {
				ALWAYS_EMBED_SWIFT_STANDARD_LIBRARIES = YES;
				BUNDLE_LOADER = "$(TEST_HOST)";
				CODE_SIGN_STYLE = Automatic;
				DEVELOPMENT_TEAM = 5R23V2RJ26;
				INFOPLIST_FILE = CrowdCountTests/Info.plist;
				LD_RUNPATH_SEARCH_PATHS = (
					"$(inherited)",
					"@executable_path/Frameworks",
					"@loader_path/Frameworks",
				);
				PRODUCT_BUNDLE_IDENTIFIER = com.dimroc.CrowdCountTests;
				PRODUCT_NAME = "$(TARGET_NAME)";
				SWIFT_VERSION = 4.2;
				TARGETED_DEVICE_FAMILY = "1,2";
				TEST_HOST = "$(BUILT_PRODUCTS_DIR)/CrowdCount.app/CrowdCount";
			};
			name = Debug;
		};
		5EA2180820E40CED0061F7FF /* Release */ = {
			isa = XCBuildConfiguration;
			buildSettings = {
				ALWAYS_EMBED_SWIFT_STANDARD_LIBRARIES = YES;
				BUNDLE_LOADER = "$(TEST_HOST)";
				CODE_SIGN_STYLE = Automatic;
				DEVELOPMENT_TEAM = 5R23V2RJ26;
				INFOPLIST_FILE = CrowdCountTests/Info.plist;
				LD_RUNPATH_SEARCH_PATHS = (
					"$(inherited)",
					"@executable_path/Frameworks",
					"@loader_path/Frameworks",
				);
				PRODUCT_BUNDLE_IDENTIFIER = com.dimroc.CrowdCountTests;
				PRODUCT_NAME = "$(TARGET_NAME)";
				SWIFT_VERSION = 4.2;
				TARGETED_DEVICE_FAMILY = "1,2";
				TEST_HOST = "$(BUILT_PRODUCTS_DIR)/CrowdCount.app/CrowdCount";
			};
			name = Release;
		};
		5EA2180A20E40CED0061F7FF /* Debug */ = {
			isa = XCBuildConfiguration;
			buildSettings = {
				ALWAYS_EMBED_SWIFT_STANDARD_LIBRARIES = YES;
				CODE_SIGN_STYLE = Automatic;
				DEVELOPMENT_TEAM = 5R23V2RJ26;
				INFOPLIST_FILE = CrowdCountUITests/Info.plist;
				LD_RUNPATH_SEARCH_PATHS = (
					"$(inherited)",
					"@executable_path/Frameworks",
					"@loader_path/Frameworks",
				);
				PRODUCT_BUNDLE_IDENTIFIER = com.dimroc.CrowdCountUITests;
				PRODUCT_NAME = "$(TARGET_NAME)";
				SWIFT_VERSION = 4.2;
				TARGETED_DEVICE_FAMILY = "1,2";
				TEST_TARGET_NAME = CrowdCount;
			};
			name = Debug;
		};
		5EA2180B20E40CED0061F7FF /* Release */ = {
			isa = XCBuildConfiguration;
			buildSettings = {
				ALWAYS_EMBED_SWIFT_STANDARD_LIBRARIES = YES;
				CODE_SIGN_STYLE = Automatic;
				DEVELOPMENT_TEAM = 5R23V2RJ26;
				INFOPLIST_FILE = CrowdCountUITests/Info.plist;
				LD_RUNPATH_SEARCH_PATHS = (
					"$(inherited)",
					"@executable_path/Frameworks",
					"@loader_path/Frameworks",
				);
				PRODUCT_BUNDLE_IDENTIFIER = com.dimroc.CrowdCountUITests;
				PRODUCT_NAME = "$(TARGET_NAME)";
				SWIFT_VERSION = 4.2;
				TARGETED_DEVICE_FAMILY = "1,2";
				TEST_TARGET_NAME = CrowdCount;
			};
			name = Release;
		};
		5EA2192120E41D390061F7FF /* Debug */ = {
			isa = XCBuildConfiguration;
			buildSettings = {
				CODE_SIGN_IDENTITY = "";
				CODE_SIGN_STYLE = Automatic;
				COREML_CODEGEN_LANGUAGE = Swift;
				CURRENT_PROJECT_VERSION = 1;
				DEFINES_MODULE = YES;
				DEVELOPMENT_TEAM = 5R23V2RJ26;
				DYLIB_COMPATIBILITY_VERSION = 1;
				DYLIB_CURRENT_VERSION = 1;
				DYLIB_INSTALL_NAME_BASE = "@rpath";
				FRAMEWORK_SEARCH_PATHS = (
					"$(inherited)",
					"$(PROJECT_DIR)/Carthage/Build/iOS",
				);
				INFOPLIST_FILE = CrowdCountApi/Info.plist;
				INSTALL_PATH = "$(LOCAL_LIBRARY_DIR)/Frameworks";
				IPHONEOS_DEPLOYMENT_TARGET = 12.0;
				LD_RUNPATH_SEARCH_PATHS = (
					"$(inherited)",
					"@executable_path/Frameworks",
					"@loader_path/Frameworks",
				);
				PRODUCT_BUNDLE_IDENTIFIER = com.dimroc.CrowdCountApi;
				PRODUCT_NAME = "$(TARGET_NAME:c99extidentifier)";
				SKIP_INSTALL = YES;
				SWIFT_VERSION = 4.2;
				TARGETED_DEVICE_FAMILY = "1,2";
				VERSIONING_SYSTEM = "apple-generic";
				VERSION_INFO_PREFIX = "";
			};
			name = Debug;
		};
		5EA2192220E41D390061F7FF /* Release */ = {
			isa = XCBuildConfiguration;
			buildSettings = {
				CODE_SIGN_IDENTITY = "";
				CODE_SIGN_STYLE = Automatic;
				COREML_CODEGEN_LANGUAGE = Swift;
				CURRENT_PROJECT_VERSION = 1;
				DEFINES_MODULE = YES;
				DEVELOPMENT_TEAM = 5R23V2RJ26;
				DYLIB_COMPATIBILITY_VERSION = 1;
				DYLIB_CURRENT_VERSION = 1;
				DYLIB_INSTALL_NAME_BASE = "@rpath";
				FRAMEWORK_SEARCH_PATHS = (
					"$(inherited)",
					"$(PROJECT_DIR)/Carthage/Build/iOS",
				);
				INFOPLIST_FILE = CrowdCountApi/Info.plist;
				INSTALL_PATH = "$(LOCAL_LIBRARY_DIR)/Frameworks";
				IPHONEOS_DEPLOYMENT_TARGET = 12.0;
				LD_RUNPATH_SEARCH_PATHS = (
					"$(inherited)",
					"@executable_path/Frameworks",
					"@loader_path/Frameworks",
				);
				PRODUCT_BUNDLE_IDENTIFIER = com.dimroc.CrowdCountApi;
				PRODUCT_NAME = "$(TARGET_NAME:c99extidentifier)";
				SKIP_INSTALL = YES;
				SWIFT_VERSION = 4.2;
				TARGETED_DEVICE_FAMILY = "1,2";
				VERSIONING_SYSTEM = "apple-generic";
				VERSION_INFO_PREFIX = "";
			};
			name = Release;
		};
		5EA2192420E41D390061F7FF /* Debug */ = {
			isa = XCBuildConfiguration;
			buildSettings = {
				ALWAYS_EMBED_SWIFT_STANDARD_LIBRARIES = YES;
				CODE_SIGN_STYLE = Automatic;
				DEVELOPMENT_TEAM = 5R23V2RJ26;
				INFOPLIST_FILE = CrowdCountApiTests/Info.plist;
				LD_RUNPATH_SEARCH_PATHS = (
					"$(inherited)",
					"@executable_path/Frameworks",
					"@loader_path/Frameworks",
				);
				PRODUCT_BUNDLE_IDENTIFIER = com.dimroc.CrowdCountApiTests;
				PRODUCT_NAME = "$(TARGET_NAME)";
				SWIFT_VERSION = 4.2;
				TARGETED_DEVICE_FAMILY = "1,2";
				TEST_HOST = "$(BUILT_PRODUCTS_DIR)/CrowdCount.app/CrowdCount";
			};
			name = Debug;
		};
		5EA2192520E41D390061F7FF /* Release */ = {
			isa = XCBuildConfiguration;
			buildSettings = {
				ALWAYS_EMBED_SWIFT_STANDARD_LIBRARIES = YES;
				CODE_SIGN_STYLE = Automatic;
				DEVELOPMENT_TEAM = 5R23V2RJ26;
				INFOPLIST_FILE = CrowdCountApiTests/Info.plist;
				LD_RUNPATH_SEARCH_PATHS = (
					"$(inherited)",
					"@executable_path/Frameworks",
					"@loader_path/Frameworks",
				);
				PRODUCT_BUNDLE_IDENTIFIER = com.dimroc.CrowdCountApiTests;
				PRODUCT_NAME = "$(TARGET_NAME)";
				SWIFT_VERSION = 4.2;
				TARGETED_DEVICE_FAMILY = "1,2";
				TEST_HOST = "$(BUILT_PRODUCTS_DIR)/CrowdCount.app/CrowdCount";
			};
			name = Release;
		};
/* End XCBuildConfiguration section */

/* Begin XCConfigurationList section */
		5E3F316C20ED3F23008B5C1B /* Build configuration list for PBXNativeTarget "CrowdCountApiMac" */ = {
			isa = XCConfigurationList;
			buildConfigurations = (
				5E3F316A20ED3F23008B5C1B /* Debug */,
				5E3F316B20ED3F23008B5C1B /* Release */,
			);
			defaultConfigurationIsVisible = 0;
			defaultConfigurationName = Release;
		};
		5EA217D220E40CEA0061F7FF /* Build configuration list for PBXProject "CrowdCount" */ = {
			isa = XCConfigurationList;
			buildConfigurations = (
				5EA2180120E40CED0061F7FF /* Debug */,
				5EA2180220E40CED0061F7FF /* Release */,
			);
			defaultConfigurationIsVisible = 0;
			defaultConfigurationName = Release;
		};
		5EA2180320E40CED0061F7FF /* Build configuration list for PBXNativeTarget "CrowdCount" */ = {
			isa = XCConfigurationList;
			buildConfigurations = (
				5EA2180420E40CED0061F7FF /* Debug */,
				5EA2180520E40CED0061F7FF /* Release */,
			);
			defaultConfigurationIsVisible = 0;
			defaultConfigurationName = Release;
		};
		5EA2180620E40CED0061F7FF /* Build configuration list for PBXNativeTarget "CrowdCountTests" */ = {
			isa = XCConfigurationList;
			buildConfigurations = (
				5EA2180720E40CED0061F7FF /* Debug */,
				5EA2180820E40CED0061F7FF /* Release */,
			);
			defaultConfigurationIsVisible = 0;
			defaultConfigurationName = Release;
		};
		5EA2180920E40CED0061F7FF /* Build configuration list for PBXNativeTarget "CrowdCountUITests" */ = {
			isa = XCConfigurationList;
			buildConfigurations = (
				5EA2180A20E40CED0061F7FF /* Debug */,
				5EA2180B20E40CED0061F7FF /* Release */,
			);
			defaultConfigurationIsVisible = 0;
			defaultConfigurationName = Release;
		};
		5EA2192020E41D390061F7FF /* Build configuration list for PBXNativeTarget "CrowdCountApi" */ = {
			isa = XCConfigurationList;
			buildConfigurations = (
				5EA2192120E41D390061F7FF /* Debug */,
				5EA2192220E41D390061F7FF /* Release */,
			);
			defaultConfigurationIsVisible = 0;
			defaultConfigurationName = Release;
		};
		5EA2192320E41D390061F7FF /* Build configuration list for PBXNativeTarget "CrowdCountApiTests" */ = {
			isa = XCConfigurationList;
			buildConfigurations = (
				5EA2192420E41D390061F7FF /* Debug */,
				5EA2192520E41D390061F7FF /* Release */,
			);
			defaultConfigurationIsVisible = 0;
			defaultConfigurationName = Release;
		};
/* End XCConfigurationList section */
	};
	rootObject = 5EA217CF20E40CEA0061F7FF /* Project object */;
}
